
Microsoft Visual Studio Solution File, Format Version 12.00
# Visual Studio 2013
VisualStudioVersion = 12.0.31101.0
MinimumVisualStudioVersion = 10.0.40219.1
Project("{FAE04EC0-301F-11D3-BF4B-00C04F79EFBC}") = "SegmentedButton", "SegmentedButton\SegmentedButton.csproj", "{E96EA1CD-A3D2-4DC8-9292-41124E92A9BB}"
EndProject
Global
	GlobalSection(SolutionConfigurationPlatforms) = preSolution
		Debug|Any CPU = Debug|Any CPU
		Debug|ARM = Debug|ARM
		Debug|x86 = Debug|x86
		Release|Any CPU = Release|Any CPU
		Release|ARM = Release|ARM
		Release|x86 = Release|x86
	EndGlobalSection
	GlobalSection(ProjectConfigurationPlatforms) = postSolution
		{E96EA1CD-A3D2-4DC8-9292-41124E92A9BB}.Debug|Any CPU.ActiveCfg = Debug|Any CPU
		{E96EA1CD-A3D2-4DC8-9292-41124E92A9BB}.Debug|Any CPU.Build.0 = Debug|Any CPU
		{E96EA1CD-A3D2-4DC8-9292-41124E92A9BB}.Debug|Any CPU.Deploy.0 = Debug|Any CPU
		{E96EA1CD-A3D2-4DC8-9292-41124E92A9BB}.Debug|ARM.ActiveCfg = Debug|ARM
		{E96EA1CD-A3D2-4DC8-9292-41124E92A9BB}.Debug|ARM.Build.0 = Debug|ARM
		{E96EA1CD-A3D2-4DC8-9292-41124E92A9BB}.Debug|ARM.Deploy.0 = Debug|ARM
		{E96EA1CD-A3D2-4DC8-9292-41124E92A9BB}.Debug|x86.ActiveCfg = Debug|x86
		{E96EA1CD-A3D2-4DC8-9292-41124E92A9BB}.Debug|x86.Build.0 = Debug|x86
		{E96EA1CD-A3D2-4DC8-9292-41124E92A9BB}.Debug|x86.Deploy.0 = Debug|x86
		{E96EA1CD-A3D2-4DC8-9292-41124E92A9BB}.Release|Any CPU.ActiveCfg = Release|Any CPU
		{E96EA1CD-A3D2-4DC8-9292-41124E92A9BB}.Release|Any CPU.Build.0 = Release|Any CPU
		{E96EA1CD-A3D2-4DC8-9292-41124E92A9BB}.Release|Any CPU.Deploy.0 = Release|Any CPU
		{E96EA1CD-A3D2-4DC8-9292-41124E92A9BB}.Release|ARM.ActiveCfg = Release|ARM
		{E96EA1CD-A3D2-4DC8-9292-41124E92A9BB}.Release|ARM.Build.0 = Release|ARM
		{E96EA1CD-A3D2-4DC8-9292-41124E92A9BB}.Release|ARM.Deploy.0 = Release|ARM
		{E96EA1CD-A3D2-4DC8-9292-41124E92A9BB}.Release|x86.ActiveCfg = Release|x86
		{E96EA1CD-A3D2-4DC8-9292-41124E92A9BB}.Release|x86.Build.0 = Release|x86
		{E96EA1CD-A3D2-4DC8-9292-41124E92A9BB}.Release|x86.Deploy.0 = Release|x86
	EndGlobalSection
	GlobalSection(SolutionProperties) = preSolution
		HideSolutionNode = FALSE
	EndGlobalSection
EndGlobal
